
Microsoft Visual Studio Solution File, Format Version 12.00
# Visual Studio Version 16
VisualStudioVersion = 16.0.29403.142
MinimumVisualStudioVersion = 10.0.40219.1
Project("{FAE04EC0-301F-11D3-BF4B-00C04F79EFBC}") = "KeyMapper", "KeyMapper\KeyMapper.csproj", "{C69938EA-AC9B-47B0-A511-51DF6EAD72EA}"
EndProject
Project("{FAE04EC0-301F-11D3-BF4B-00C04F79EFBC}") = "Library", "Library\Library.csproj", "{DF783852-3922-44A6-B0B3-3054ABF74F13}"
EndProject
Project("{E24C65DC-7377-472B-9ABA-BC803B73C61A}") = "Docs", "Docs\", "{7936EDB8-2EC8-4F14-B41B-6D2915CE85B6}"
	ProjectSection(WebsiteProperties) = preProject
		TargetFrameworkMoniker = ".NETFramework,Version%3Dv4.0"
		Debug.AspNetCompiler.VirtualPath = "/localhost_50172"
		Debug.AspNetCompiler.PhysicalPath = "Docs\"
		Debug.AspNetCompiler.TargetPath = "PrecompiledWeb\localhost_50172\"
		Debug.AspNetCompiler.Updateable = "true"
		Debug.AspNetCompiler.ForceOverwrite = "true"
		Debug.AspNetCompiler.FixedNames = "false"
		Debug.AspNetCompiler.Debug = "True"
		Release.AspNetCompiler.VirtualPath = "/localhost_50172"
		Release.AspNetCompiler.PhysicalPath = "Docs\"
		Release.AspNetCompiler.TargetPath = "PrecompiledWeb\localhost_50172\"
		Release.AspNetCompiler.Updateable = "true"
		Release.AspNetCompiler.ForceOverwrite = "true"
		Release.AspNetCompiler.FixedNames = "false"
		Release.AspNetCompiler.Debug = "False"
		VWDPort = "50172"
		SlnRelativePath = "Docs\"
	EndProjectSection
EndProject
Global
	GlobalSection(SolutionConfigurationPlatforms) = preSolution
		Debug|Any CPU = Debug|Any CPU
		Release|Any CPU = Release|Any CPU
	EndGlobalSection
	GlobalSection(ProjectConfigurationPlatforms) = postSolution
		{C69938EA-AC9B-47B0-A511-51DF6EAD72EA}.Debug|Any CPU.ActiveCfg = Debug|Any CPU
		{C69938EA-AC9B-47B0-A511-51DF6EAD72EA}.Debug|Any CPU.Build.0 = Debug|Any CPU
		{C69938EA-AC9B-47B0-A511-51DF6EAD72EA}.Release|Any CPU.ActiveCfg = Release|Any CPU
		{C69938EA-AC9B-47B0-A511-51DF6EAD72EA}.Release|Any CPU.Build.0 = Release|Any CPU
		{DF783852-3922-44A6-B0B3-3054ABF74F13}.Debug|Any CPU.ActiveCfg = Debug|Any CPU
		{DF783852-3922-44A6-B0B3-3054ABF74F13}.Debug|Any CPU.Build.0 = Debug|Any CPU
		{DF783852-3922-44A6-B0B3-3054ABF74F13}.Release|Any CPU.ActiveCfg = Release|Any CPU
		{DF783852-3922-44A6-B0B3-3054ABF74F13}.Release|Any CPU.Build.0 = Release|Any CPU
		{7936EDB8-2EC8-4F14-B41B-6D2915CE85B6}.Debug|Any CPU.ActiveCfg = Debug|Any CPU
		{7936EDB8-2EC8-4F14-B41B-6D2915CE85B6}.Release|Any CPU.ActiveCfg = Debug|Any CPU
		{7936EDB8-2EC8-4F14-B41B-6D2915CE85B6}.Release|Any CPU.Build.0 = Debug|Any CPU
	EndGlobalSection
	GlobalSection(SolutionProperties) = preSolution
		HideSolutionNode = FALSE
	EndGlobalSection
	GlobalSection(ExtensibilityGlobals) = postSolution
		SolutionGuid = {78E40CBB-010E-4C91-AF1A-7AC29CE3B449}
	EndGlobalSection
EndGlobal
